
Microsoft Visual Studio Solution File, Format Version 12.00
# Visual Studio Version 16
VisualStudioVersion = 16.0.31025.218
MinimumVisualStudioVersion = 10.0.40219.1
Project("{FAE04EC0-301F-11D3-BF4B-00C04F79EFBC}") = "Sales.Android", "Sales\Sales.Android\Sales.Android.csproj", "{8E115D61-092B-45F1-8DF2-C25700F2D1B0}"
EndProject
Project("{FAE04EC0-301F-11D3-BF4B-00C04F79EFBC}") = "Sales.iOS", "Sales\Sales.iOS\Sales.iOS.csproj", "{C4D6E04D-8DBE-4C99-90A3-37DF46C82F59}"
EndProject
Project("{9A19103F-16F7-4668-BE54-9A1E7A4F7556}") = "Sales", "Sales\Sales\Sales.csproj", "{A8F5DAFE-7D3F-47C6-8E1C-BDDA55F27114}"
EndProject
Project("{FAE04EC0-301F-11D3-BF4B-00C04F79EFBC}") = "Sales.Backend", "Sales.Backend\Sales.Backend.csproj", "{1B606E8F-3BAB-4AE4-9F8F-ED6C3FAA29E5}"
EndProject
Project("{FAE04EC0-301F-11D3-BF4B-00C04F79EFBC}") = "Sales.API", "Sales.API\Sales.API.csproj", "{EA5F490B-DFE8-4251-8317-43201B649A4C}"
EndProject
Project("{FAE04EC0-301F-11D3-BF4B-00C04F79EFBC}") = "Sales.Domain", "Sales.Domain\Sales.Domain.csproj", "{C790D0B5-A661-40E5-8291-50EF95DFBC4A}"
EndProject
Project("{FAE04EC0-301F-11D3-BF4B-00C04F79EFBC}") = "Sales.Common", "Sales.Common\Sales.Common.csproj", "{AE2864D8-0605-4ECD-B885-17ECF1FEB0CA}"
EndProject
Global
	GlobalSection(SolutionConfigurationPlatforms) = preSolution
		Debug|Any CPU = Debug|Any CPU
		Debug|iPhone = Debug|iPhone
		Debug|iPhoneSimulator = Debug|iPhoneSimulator
		Release|Any CPU = Release|Any CPU
		Release|iPhone = Release|iPhone
		Release|iPhoneSimulator = Release|iPhoneSimulator
	EndGlobalSection
	GlobalSection(ProjectConfigurationPlatforms) = postSolution
		{8E115D61-092B-45F1-8DF2-C25700F2D1B0}.Debug|Any CPU.ActiveCfg = Debug|Any CPU
		{8E115D61-092B-45F1-8DF2-C25700F2D1B0}.Debug|Any CPU.Build.0 = Debug|Any CPU
		{8E115D61-092B-45F1-8DF2-C25700F2D1B0}.Debug|Any CPU.Deploy.0 = Debug|Any CPU
		{8E115D61-092B-45F1-8DF2-C25700F2D1B0}.Debug|iPhone.ActiveCfg = Debug|Any CPU
		{8E115D61-092B-45F1-8DF2-C25700F2D1B0}.Debug|iPhone.Build.0 = Debug|Any CPU
		{8E115D61-092B-45F1-8DF2-C25700F2D1B0}.Debug|iPhone.Deploy.0 = Debug|Any CPU
		{8E115D61-092B-45F1-8DF2-C25700F2D1B0}.Debug|iPhoneSimulator.ActiveCfg = Debug|Any CPU
		{8E115D61-092B-45F1-8DF2-C25700F2D1B0}.Debug|iPhoneSimulator.Build.0 = Debug|Any CPU
		{8E115D61-092B-45F1-8DF2-C25700F2D1B0}.Debug|iPhoneSimulator.Deploy.0 = Debug|Any CPU
		{8E115D61-092B-45F1-8DF2-C25700F2D1B0}.Release|Any CPU.ActiveCfg = Release|Any CPU
		{8E115D61-092B-45F1-8DF2-C25700F2D1B0}.Release|Any CPU.Build.0 = Release|Any CPU
		{8E115D61-092B-45F1-8DF2-C25700F2D1B0}.Release|Any CPU.Deploy.0 = Release|Any CPU
		{8E115D61-092B-45F1-8DF2-C25700F2D1B0}.Release|iPhone.ActiveCfg = Release|Any CPU
		{8E115D61-092B-45F1-8DF2-C25700F2D1B0}.Release|iPhone.Build.0 = Release|Any CPU
		{8E115D61-092B-45F1-8DF2-C25700F2D1B0}.Release|iPhone.Deploy.0 = Release|Any CPU
		{8E115D61-092B-45F1-8DF2-C25700F2D1B0}.Release|iPhoneSimulator.ActiveCfg = Release|Any CPU
		{8E115D61-092B-45F1-8DF2-C25700F2D1B0}.Release|iPhoneSimulator.Build.0 = Release|Any CPU
		{8E115D61-092B-45F1-8DF2-C25700F2D1B0}.Release|iPhoneSimulator.Deploy.0 = Release|Any CPU
		{C4D6E04D-8DBE-4C99-90A3-37DF46C82F59}.Debug|Any CPU.ActiveCfg = Debug|iPhone
		{C4D6E04D-8DBE-4C99-90A3-37DF46C82F59}.Debug|Any CPU.Build.0 = Debug|iPhone
		{C4D6E04D-8DBE-4C99-90A3-37DF46C82F59}.Debug|Any CPU.Deploy.0 = Debug|iPhone
		{C4D6E04D-8DBE-4C99-90A3-37DF46C82F59}.Debug|iPhone.ActiveCfg = Debug|iPhone
		{C4D6E04D-8DBE-4C99-90A3-37DF46C82F59}.Debug|iPhone.Build.0 = Debug|iPhone
		{C4D6E04D-8DBE-4C99-90A3-37DF46C82F59}.Debug|iPhone.Deploy.0 = Debug|iPhone
		{C4D6E04D-8DBE-4C99-90A3-37DF46C82F59}.Debug|iPhoneSimulator.ActiveCfg = Debug|iPhoneSimulator
		{C4D6E04D-8DBE-4C99-90A3-37DF46C82F59}.Debug|iPhoneSimulator.Build.0 = Debug|iPhoneSimulator
		{C4D6E04D-8DBE-4C99-90A3-37DF46C82F59}.Debug|iPhoneSimulator.Deploy.0 = Debug|iPhoneSimulator
		{C4D6E04D-8DBE-4C99-90A3-37DF46C82F59}.Release|Any CPU.ActiveCfg = Release|iPhoneSimulator
		{C4D6E04D-8DBE-4C99-90A3-37DF46C82F59}.Release|Any CPU.Build.0 = Release|iPhoneSimulator
		{C4D6E04D-8DBE-4C99-90A3-37DF46C82F59}.Release|Any CPU.Deploy.0 = Release|iPhoneSimulator
		{C4D6E04D-8DBE-4C99-90A3-37DF46C82F59}.Release|iPhone.ActiveCfg = Release|iPhone
		{C4D6E04D-8DBE-4C99-90A3-37DF46C82F59}.Release|iPhone.Build.0 = Release|iPhone
		{C4D6E04D-8DBE-4C99-90A3-37DF46C82F59}.Release|iPhone.Deploy.0 = Release|iPhone
		{C4D6E04D-8DBE-4C99-90A3-37DF46C82F59}.Release|iPhoneSimulator.ActiveCfg = Release|iPhoneSimulator
		{C4D6E04D-8DBE-4C99-90A3-37DF46C82F59}.Release|iPhoneSimulator.Build.0 = Release|iPhoneSimulator
		{C4D6E04D-8DBE-4C99-90A3-37DF46C82F59}.Release|iPhoneSimulator.Deploy.0 = Release|iPhoneSimulator
		{A8F5DAFE-7D3F-47C6-8E1C-BDDA55F27114}.Debug|Any CPU.ActiveCfg = Debug|Any CPU
		{A8F5DAFE-7D3F-47C6-8E1C-BDDA55F27114}.Debug|Any CPU.Build.0 = Debug|Any CPU
		{A8F5DAFE-7D3F-47C6-8E1C-BDDA55F27114}.Debug|Any CPU.Deploy.0 = Debug|Any CPU
		{A8F5DAFE-7D3F-47C6-8E1C-BDDA55F27114}.Debug|iPhone.ActiveCfg = Debug|Any CPU
		{A8F5DAFE-7D3F-47C6-8E1C-BDDA55F27114}.Debug|iPhone.Build.0 = Debug|Any CPU
		{A8F5DAFE-7D3F-47C6-8E1C-BDDA55F27114}.Debug|iPhone.Deploy.0 = Debug|Any CPU
		{A8F5DAFE-7D3F-47C6-8E1C-BDDA55F27114}.Debug|iPhoneSimulator.ActiveCfg = Debug|Any CPU
		{A8F5DAFE-7D3F-47C6-8E1C-BDDA55F27114}.Debug|iPhoneSimulator.Build.0 = Debug|Any CPU
		{A8F5DAFE-7D3F-47C6-8E1C-BDDA55F27114}.Debug|iPhoneSimulator.Deploy.0 = Debug|Any CPU
		{A8F5DAFE-7D3F-47C6-8E1C-BDDA55F27114}.Release|Any CPU.ActiveCfg = Release|Any CPU
		{A8F5DAFE-7D3F-47C6-8E1C-BDDA55F27114}.Release|Any CPU.Build.0 = Release|Any CPU
		{A8F5DAFE-7D3F-47C6-8E1C-BDDA55F27114}.Release|Any CPU.Deploy.0 = Release|Any CPU
		{A8F5DAFE-7D3F-47C6-8E1C-BDDA55F27114}.Release|iPhone.ActiveCfg = Release|Any CPU
		{A8F5DAFE-7D3F-47C6-8E1C-BDDA55F27114}.Release|iPhone.Build.0 = Release|Any CPU
		{A8F5DAFE-7D3F-47C6-8E1C-BDDA55F27114}.Release|iPhone.Deploy.0 = Release|Any CPU
		{A8F5DAFE-7D3F-47C6-8E1C-BDDA55F27114}.Release|iPhoneSimulator.ActiveCfg = Release|Any CPU
		{A8F5DAFE-7D3F-47C6-8E1C-BDDA55F27114}.Release|iPhoneSimulator.Build.0 = Release|Any CPU
		{A8F5DAFE-7D3F-47C6-8E1C-BDDA55F27114}.Release|iPhoneSimulator.Deploy.0 = Release|Any CPU
		{1B606E8F-3BAB-4AE4-9F8F-ED6C3FAA29E5}.Debug|Any CPU.ActiveCfg = Debug|Any CPU
		{1B606E8F-3BAB-4AE4-9F8F-ED6C3FAA29E5}.Debug|Any CPU.Build.0 = Debug|Any CPU
		{1B606E8F-3BAB-4AE4-9F8F-ED6C3FAA29E5}.Debug|iPhone.ActiveCfg = Debug|Any CPU
		{1B606E8F-3BAB-4AE4-9F8F-ED6C3FAA29E5}.Debug|iPhone.Build.0 = Debug|Any CPU
		{1B606E8F-3BAB-4AE4-9F8F-ED6C3FAA29E5}.Debug|iPhoneSimulator.ActiveCfg = Debug|Any CPU
		{1B606E8F-3BAB-4AE4-9F8F-ED6C3FAA29E5}.Debug|iPhoneSimulator.Build.0 = Debug|Any CPU
		{1B606E8F-3BAB-4AE4-9F8F-ED6C3FAA29E5}.Release|Any CPU.ActiveCfg = Release|Any CPU
		{1B606E8F-3BAB-4AE4-9F8F-ED6C3FAA29E5}.Release|Any CPU.Build.0 = Release|Any CPU
		{1B606E8F-3BAB-4AE4-9F8F-ED6C3FAA29E5}.Release|iPhone.ActiveCfg = Release|Any CPU
		{1B606E8F-3BAB-4AE4-9F8F-ED6C3FAA29E5}.Release|iPhone.Build.0 = Release|Any CPU
		{1B606E8F-3BAB-4AE4-9F8F-ED6C3FAA29E5}.Release|iPhoneSimulator.ActiveCfg = Release|Any CPU
		{1B606E8F-3BAB-4AE4-9F8F-ED6C3FAA29E5}.Release|iPhoneSimulator.Build.0 = Release|Any CPU
		{EA5F490B-DFE8-4251-8317-43201B649A4C}.Debug|Any CPU.ActiveCfg = Debug|Any CPU
		{EA5F490B-DFE8-4251-8317-43201B649A4C}.Debug|Any CPU.Build.0 = Debug|Any CPU
		{EA5F490B-DFE8-4251-8317-43201B649A4C}.Debug|iPhone.ActiveCfg = Debug|Any CPU
		{EA5F490B-DFE8-4251-8317-43201B649A4C}.Debug|iPhone.Build.0 = Debug|Any CPU
		{EA5F490B-DFE8-4251-8317-43201B649A4C}.Debug|iPhoneSimulator.ActiveCfg = Debug|Any CPU
		{EA5F490B-DFE8-4251-8317-43201B649A4C}.Debug|iPhoneSimulator.Build.0 = Debug|Any CPU
		{EA5F490B-DFE8-4251-8317-43201B649A4C}.Release|Any CPU.ActiveCfg = Release|Any CPU
		{EA5F490B-DFE8-4251-8317-43201B649A4C}.Release|Any CPU.Build.0 = Release|Any CPU
		{EA5F490B-DFE8-4251-8317-43201B649A4C}.Release|iPhone.ActiveCfg = Release|Any CPU
		{EA5F490B-DFE8-4251-8317-43201B649A4C}.Release|iPhone.Build.0 = Release|Any CPU
		{EA5F490B-DFE8-4251-8317-43201B649A4C}.Release|iPhoneSimulator.ActiveCfg = Release|Any CPU
		{EA5F490B-DFE8-4251-8317-43201B649A4C}.Release|iPhoneSimulator.Build.0 = Release|Any CPU
		{C790D0B5-A661-40E5-8291-50EF95DFBC4A}.Debug|Any CPU.ActiveCfg = Debug|Any CPU
		{C790D0B5-A661-40E5-8291-50EF95DFBC4A}.Debug|Any CPU.Build.0 = Debug|Any CPU
		{C790D0B5-A661-40E5-8291-50EF95DFBC4A}.Debug|iPhone.ActiveCfg = Debug|Any CPU
		{C790D0B5-A661-40E5-8291-50EF95DFBC4A}.Debug|iPhone.Build.0 = Debug|Any CPU
		{C790D0B5-A661-40E5-8291-50EF95DFBC4A}.Debug|iPhoneSimulator.ActiveCfg = Debug|Any CPU
		{C790D0B5-A661-40E5-8291-50EF95DFBC4A}.Debug|iPhoneSimulator.Build.0 = Debug|Any CPU
		{C790D0B5-A661-40E5-8291-50EF95DFBC4A}.Release|Any CPU.ActiveCfg = Release|Any CPU
		{C790D0B5-A661-40E5-8291-50EF95DFBC4A}.Release|Any CPU.Build.0 = Release|Any CPU
		{C790D0B5-A661-40E5-8291-50EF95DFBC4A}.Release|iPhone.ActiveCfg = Release|Any CPU
		{C790D0B5-A661-40E5-8291-50EF95DFBC4A}.Release|iPhone.Build.0 = Release|Any CPU
		{C790D0B5-A661-40E5-8291-50EF95DFBC4A}.Release|iPhoneSimulator.ActiveCfg = Release|Any CPU
		{C790D0B5-A661-40E5-8291-50EF95DFBC4A}.Release|iPhoneSimulator.Build.0 = Release|Any CPU
		{AE2864D8-0605-4ECD-B885-17ECF1FEB0CA}.Debug|Any CPU.ActiveCfg = Debug|Any CPU
		{AE2864D8-0605-4ECD-B885-17ECF1FEB0CA}.Debug|Any CPU.Build.0 = Debug|Any CPU
		{AE2864D8-0605-4ECD-B885-17ECF1FEB0CA}.Debug|iPhone.ActiveCfg = Debug|Any CPU
		{AE2864D8-0605-4ECD-B885-17ECF1FEB0CA}.Debug|iPhone.Build.0 = Debug|Any CPU
		{AE2864D8-0605-4ECD-B885-17ECF1FEB0CA}.Debug|iPhoneSimulator.ActiveCfg = Debug|Any CPU
		{AE2864D8-0605-4ECD-B885-17ECF1FEB0CA}.Debug|iPhoneSimulator.Build.0 = Debug|Any CPU
		{AE2864D8-0605-4ECD-B885-17ECF1FEB0CA}.Release|Any CPU.ActiveCfg = Release|Any CPU
		{AE2864D8-0605-4ECD-B885-17ECF1FEB0CA}.Release|Any CPU.Build.0 = Release|Any CPU
		{AE2864D8-0605-4ECD-B885-17ECF1FEB0CA}.Release|iPhone.ActiveCfg = Release|Any CPU
		{AE2864D8-0605-4ECD-B885-17ECF1FEB0CA}.Release|iPhone.Build.0 = Release|Any CPU
		{AE2864D8-0605-4ECD-B885-17ECF1FEB0CA}.Release|iPhoneSimulator.ActiveCfg = Release|Any CPU
		{AE2864D8-0605-4ECD-B885-17ECF1FEB0CA}.Release|iPhoneSimulator.Build.0 = Release|Any CPU
	EndGlobalSection
	GlobalSection(SolutionProperties) = preSolution
		HideSolutionNode = FALSE
	EndGlobalSection
	GlobalSection(ExtensibilityGlobals) = postSolution
		SolutionGuid = {4C75738D-E262-4DBA-8F84-404974CA055E}
	EndGlobalSection
EndGlobal
